// !$*UTF8*$!
{
	archiveVersion = 1;
	classes = {
	};
	objectVersion = 63;
	objects = {

/* Begin PBXBuildFile section */
		0963FD4D4303D6F9FEE5B842 /* SettingsView.swift in Sources */ = {isa = PBXBuildFile; fileRef = B70EDF781A1BA304B013BE22 /* SettingsView.swift */; };
		1250B42BDB0A900C381CF7F5 /* SoundManager.swift in Sources */ = {isa = PBXBuildFile; fileRef = 45DE1D89AAFE3ED82F233BE6 /* SoundManager.swift */; };
		1491DC6D00453B98F87DCF29 /* ModelManager.swift in Sources */ = {isa = PBXBuildFile; fileRef = 36A6D17219C05740DF5B20B7 /* ModelManager.swift */; };
		1719EBF76C3B3FA58B9BA1E8 /* HistoryEntry.swift in Sources */ = {isa = PBXBuildFile; fileRef = 56AECEE82CAA9AFEE2114795 /* HistoryEntry.swift */; };
		2829D176A16A4ED4AC04D0E7 /* SettingComponents.swift in Sources */ = {isa = PBXBuildFile; fileRef = 77305DDDFBF53C3E70E01834 /* SettingComponents.swift */; };
		28FB3B0B10EE067D2DCB7620 /* LLMService.swift in Sources */ = {isa = PBXBuildFile; fileRef = DE56DE609E710ED29E43D230 /* LLMService.swift */; };
		32E257E251D4D8CA14486F2D /* HotKeyManager.swift in Sources */ = {isa = PBXBuildFile; fileRef = DAA95331D4855476475CE19B /* HotKeyManager.swift */; };
		3754A15154F517E27247204C /* AppleSpeechRecognizer.swift in Sources */ = {isa = PBXBuildFile; fileRef = 5C1421A8E713EEFEAB1244A4 /* AppleSpeechRecognizer.swift */; };
		37A860E5BA42D2D44983A269 /* HistoryManager.swift in Sources */ = {isa = PBXBuildFile; fileRef = C045102C0C51290424DCC6B9 /* HistoryManager.swift */; };
		48A3225D3075C577C6E8AEF3 /* ClipboardManager.swift in Sources */ = {isa = PBXBuildFile; fileRef = 5C1ACA10FA7E44B35A54EE8A /* ClipboardManager.swift */; };
		49B26574227DC36EDFFD6484 /* BigModelWS.swift in Sources */ = {isa = PBXBuildFile; fileRef = 309C05C30CE1FB44E5AC1C48 /* BigModelWS.swift */; };
		63AE60A723CE3BF9AF76F763 /* ConversationContext.swift in Sources */ = {isa = PBXBuildFile; fileRef = 085B8F33C0BBB16A824F8F4F /* ConversationContext.swift */; };
		6E261E6B8D52ABEF09D2BF4B /* CustomWordsView.swift in Sources */ = {isa = PBXBuildFile; fileRef = DED7E2290A1BDD8007AA7439 /* CustomWordsView.swift */; };
		70CD8A8F91ED2A21966B2103 /* HotKeyRecorderView.swift in Sources */ = {isa = PBXBuildFile; fileRef = 90ED8B77A4E5BF4442BBE248 /* HotKeyRecorderView.swift */; };
		736CEC1F092120CC49D38B3C /* HistoryView.swift in Sources */ = {isa = PBXBuildFile; fileRef = D3DA809458C49D510551075F /* HistoryView.swift */; };
		77B7EA197D5C54CB0A2208A5 /* RecordingOverlay.swift in Sources */ = {isa = PBXBuildFile; fileRef = B26A4EC782C0BCC51F09EFCF /* RecordingOverlay.swift */; };
		7918890EB0A247A00670BD09 /* DatabaseQueue.swift in Sources */ = {isa = PBXBuildFile; fileRef = 729070C8DC5FAC79CBD184DF /* DatabaseQueue.swift */; };
		7FDF149A348CC3D644FC21C7 /* ASRResponse.swift in Sources */ = {isa = PBXBuildFile; fileRef = 05FCC1D890BF8F7ECE625B34 /* ASRResponse.swift */; };
		816EE5A21AE43A7D4AD4EC5B /* AppConfig.swift in Sources */ = {isa = PBXBuildFile; fileRef = E002D2129995925D90E0DF58 /* AppConfig.swift */; };
		83E37FE663C75B6758664D4C /* AppLogger.swift in Sources */ = {isa = PBXBuildFile; fileRef = 49C09AD172326907D6F488AA /* AppLogger.swift */; };
		8633C2D5B4EDCEEC33AFF797 /* whisper.xcframework in Embed Frameworks */ = {isa = PBXBuildFile; fileRef = EA70B0C25BDB500D7C4BB02D /* whisper.xcframework */; settings = {ATTRIBUTES = (CodeSignOnCopy, RemoveHeadersOnCopy, ); }; };
		96C014DC1AFE97A29F226155 /* AudioRecorder.swift in Sources */ = {isa = PBXBuildFile; fileRef = 4079616F647BF7EEEAE0468B /* AudioRecorder.swift */; };
		BAEF24995783F1013064A7EE /* Assets.xcassets in Resources */ = {isa = PBXBuildFile; fileRef = F9DC3A2A894572DFCF1B1480 /* Assets.xcassets */; };
		C060EF4CA10F3526088561EC /* ggml-base-q8_0.bin in Resources */ = {isa = PBXBuildFile; fileRef = 90B20827CEC4C6F11E68DAD3 /* ggml-base-q8_0.bin */; };
		C30CF0631ACA633C0581A705 /* PromptManager.swift in Sources */ = {isa = PBXBuildFile; fileRef = 8E1E0044BF0C757A0D5403B8 /* PromptManager.swift */; };
		D1F4AE71F367066EA46040BE /* whisper.xcframework in Frameworks */ = {isa = PBXBuildFile; fileRef = EA70B0C25BDB500D7C4BB02D /* whisper.xcframework */; };
		D8C5918C08CE65DF7A483B2D /* SetupView.swift in Sources */ = {isa = PBXBuildFile; fileRef = A504292CEDA17414B8729E92 /* SetupView.swift */; };
		E3EE38D61A8DA7E13AD3D61A /* ASRService.swift in Sources */ = {isa = PBXBuildFile; fileRef = 38ED9F322B212CEC84E23288 /* ASRService.swift */; };
		E7A8912FBDFBEC16BEECC1ED /* ExportService.swift in Sources */ = {isa = PBXBuildFile; fileRef = 36F8692473F29078D570176B /* ExportService.swift */; };
		F10F353256A23FECA4EA95E3 /* ShengvoApp.swift in Sources */ = {isa = PBXBuildFile; fileRef = D44D2EABDEA9FE748CC496BC /* ShengvoApp.swift */; };
/* End PBXBuildFile section */

/* Begin PBXCopyFilesBuildPhase section */
		9CA4941CD754452FA420B5CF /* Embed Frameworks */ = {
			isa = PBXCopyFilesBuildPhase;
			buildActionMask = 2147483647;
			dstPath = "";
			dstSubfolderSpec = 10;
			files = (
				8633C2D5B4EDCEEC33AFF797 /* whisper.xcframework in Embed Frameworks */,
			);
			name = "Embed Frameworks";
			runOnlyForDeploymentPostprocessing = 0;
		};
/* End PBXCopyFilesBuildPhase section */

/* Begin PBXFileReference section */
		05FCC1D890BF8F7ECE625B34 /* ASRResponse.swift */ = {isa = PBXFileReference; lastKnownFileType = sourcecode.swift; path = ASRResponse.swift; sourceTree = "<group>"; };
		085B8F33C0BBB16A824F8F4F /* ConversationContext.swift */ = {isa = PBXFileReference; lastKnownFileType = sourcecode.swift; path = ConversationContext.swift; sourceTree = "<group>"; };
		2F7C89776C6A8CA1E5B7008E /* sqlite3.h */ = {isa = PBXFileReference; lastKnownFileType = sourcecode.c.h; path = sqlite3.h; sourceTree = "<group>"; };
		309C05C30CE1FB44E5AC1C48 /* BigModelWS.swift */ = {isa = PBXFileReference; lastKnownFileType = sourcecode.swift; path = BigModelWS.swift; sourceTree = "<group>"; };
		36A6D17219C05740DF5B20B7 /* ModelManager.swift */ = {isa = PBXFileReference; lastKnownFileType = sourcecode.swift; path = ModelManager.swift; sourceTree = "<group>"; };
		36F8692473F29078D570176B /* ExportService.swift */ = {isa = PBXFileReference; lastKnownFileType = sourcecode.swift; path = ExportService.swift; sourceTree = "<group>"; };
		38ED9F322B212CEC84E23288 /* ASRService.swift */ = {isa = PBXFileReference; lastKnownFileType = sourcecode.swift; path = ASRService.swift; sourceTree = "<group>"; };
		4079616F647BF7EEEAE0468B /* AudioRecorder.swift */ = {isa = PBXFileReference; lastKnownFileType = sourcecode.swift; path = AudioRecorder.swift; sourceTree = "<group>"; };
		45DE1D89AAFE3ED82F233BE6 /* SoundManager.swift */ = {isa = PBXFileReference; lastKnownFileType = sourcecode.swift; path = SoundManager.swift; sourceTree = "<group>"; };
		49C09AD172326907D6F488AA /* AppLogger.swift */ = {isa = PBXFileReference; lastKnownFileType = sourcecode.swift; path = AppLogger.swift; sourceTree = "<group>"; };
		56AECEE82CAA9AFEE2114795 /* HistoryEntry.swift */ = {isa = PBXFileReference; lastKnownFileType = sourcecode.swift; path = HistoryEntry.swift; sourceTree = "<group>"; };
		59DF67251B3CCCF11D4DECCB /* Info.plist */ = {isa = PBXFileReference; lastKnownFileType = text.plist; path = Info.plist; sourceTree = "<group>"; };
		5C1421A8E713EEFEAB1244A4 /* AppleSpeechRecognizer.swift */ = {isa = PBXFileReference; lastKnownFileType = sourcecode.swift; path = AppleSpeechRecognizer.swift; sourceTree = "<group>"; };
		5C1ACA10FA7E44B35A54EE8A /* ClipboardManager.swift */ = {isa = PBXFileReference; lastKnownFileType = sourcecode.swift; path = ClipboardManager.swift; sourceTree = "<group>"; };
		729070C8DC5FAC79CBD184DF /* DatabaseQueue.swift */ = {isa = PBXFileReference; lastKnownFileType = sourcecode.swift; path = DatabaseQueue.swift; sourceTree = "<group>"; };
		77305DDDFBF53C3E70E01834 /* SettingComponents.swift */ = {isa = PBXFileReference; lastKnownFileType = sourcecode.swift; path = SettingComponents.swift; sourceTree = "<group>"; };
		8E1E0044BF0C757A0D5403B8 /* PromptManager.swift */ = {isa = PBXFileReference; lastKnownFileType = sourcecode.swift; path = PromptManager.swift; sourceTree = "<group>"; };
		8EEC08D4B1494277369FDC8C /* sqlite_bridge.h */ = {isa = PBXFileReference; lastKnownFileType = sourcecode.c.h; path = sqlite_bridge.h; sourceTree = "<group>"; };
		90B20827CEC4C6F11E68DAD3 /* ggml-base-q8_0.bin */ = {isa = PBXFileReference; lastKnownFileType = archive.macbinary; path = "ggml-base-q8_0.bin"; sourceTree = "<group>"; };
		90ED8B77A4E5BF4442BBE248 /* HotKeyRecorderView.swift */ = {isa = PBXFileReference; lastKnownFileType = sourcecode.swift; path = HotKeyRecorderView.swift; sourceTree = "<group>"; };
		A4CE53C7B7F24C2DC2A61754 /* Shengvo.app */ = {isa = PBXFileReference; explicitFileType = wrapper.application; includeInIndex = 0; path = Shengvo.app; sourceTree = BUILT_PRODUCTS_DIR; };
		A504292CEDA17414B8729E92 /* SetupView.swift */ = {isa = PBXFileReference; lastKnownFileType = sourcecode.swift; path = SetupView.swift; sourceTree = "<group>"; };
		B26A4EC782C0BCC51F09EFCF /* RecordingOverlay.swift */ = {isa = PBXFileReference; lastKnownFileType = sourcecode.swift; path = RecordingOverlay.swift; sourceTree = "<group>"; };
		B70EDF781A1BA304B013BE22 /* SettingsView.swift */ = {isa = PBXFileReference; lastKnownFileType = sourcecode.swift; path = SettingsView.swift; sourceTree = "<group>"; };
		C045102C0C51290424DCC6B9 /* HistoryManager.swift */ = {isa = PBXFileReference; lastKnownFileType = sourcecode.swift; path = HistoryManager.swift; sourceTree = "<group>"; };
		D3DA809458C49D510551075F /* HistoryView.swift */ = {isa = PBXFileReference; lastKnownFileType = sourcecode.swift; path = HistoryView.swift; sourceTree = "<group>"; };
		D44D2EABDEA9FE748CC496BC /* ShengvoApp.swift */ = {isa = PBXFileReference; lastKnownFileType = sourcecode.swift; path = ShengvoApp.swift; sourceTree = "<group>"; };
		D48D93BA374C2D67F26D836F /* Shengvo.entitlements */ = {isa = PBXFileReference; lastKnownFileType = text.plist.entitlements; path = Shengvo.entitlements; sourceTree = "<group>"; };
		DAA95331D4855476475CE19B /* HotKeyManager.swift */ = {isa = PBXFileReference; lastKnownFileType = sourcecode.swift; path = HotKeyManager.swift; sourceTree = "<group>"; };
		DE56DE609E710ED29E43D230 /* LLMService.swift */ = {isa = PBXFileReference; lastKnownFileType = sourcecode.swift; path = LLMService.swift; sourceTree = "<group>"; };
		DED7E2290A1BDD8007AA7439 /* CustomWordsView.swift */ = {isa = PBXFileReference; lastKnownFileType = sourcecode.swift; path = CustomWordsView.swift; sourceTree = "<group>"; };
		E002D2129995925D90E0DF58 /* AppConfig.swift */ = {isa = PBXFileReference; lastKnownFileType = sourcecode.swift; path = AppConfig.swift; sourceTree = "<group>"; };
		EA70B0C25BDB500D7C4BB02D /* whisper.xcframework */ = {isa = PBXFileReference; lastKnownFileType = wrapper.xcframework; name = whisper.xcframework; path = Shengvo/whisper.xcframework; sourceTree = "<group>"; };
		F4282BD7B3DA34B2C8452F5A /* module.modulemap */ = {isa = PBXFileReference; lastKnownFileType = "sourcecode.module-map"; path = module.modulemap; sourceTree = "<group>"; };
		F9DC3A2A894572DFCF1B1480 /* Assets.xcassets */ = {isa = PBXFileReference; lastKnownFileType = folder.assetcatalog; path = Assets.xcassets; sourceTree = "<group>"; };
/* End PBXFileReference section */

/* Begin PBXFrameworksBuildPhase section */
		FDC0190B398FCD8AA21D2AB1 /* Frameworks */ = {
			isa = PBXFrameworksBuildPhase;
			buildActionMask = 2147483647;
			files = (
				D1F4AE71F367066EA46040BE /* whisper.xcframework in Frameworks */,
			);
			runOnlyForDeploymentPostprocessing = 0;
		};
/* End PBXFrameworksBuildPhase section */

/* Begin PBXGroup section */
		1249792F58964A336264613A /* Views */ = {
			isa = PBXGroup;
			children = (
				DED7E2290A1BDD8007AA7439 /* CustomWordsView.swift */,
				D3DA809458C49D510551075F /* HistoryView.swift */,
				90ED8B77A4E5BF4442BBE248 /* HotKeyRecorderView.swift */,
				B26A4EC782C0BCC51F09EFCF /* RecordingOverlay.swift */,
				77305DDDFBF53C3E70E01834 /* SettingComponents.swift */,
				B70EDF781A1BA304B013BE22 /* SettingsView.swift */,
				A504292CEDA17414B8729E92 /* SetupView.swift */,
			);
			path = Views;
			sourceTree = "<group>";
		};
		1B1252D42F2CF2748E3BA338 /* SQLite */ = {
			isa = PBXGroup;
			children = (
				729070C8DC5FAC79CBD184DF /* DatabaseQueue.swift */,
				F4282BD7B3DA34B2C8452F5A /* module.modulemap */,
				8EEC08D4B1494277369FDC8C /* sqlite_bridge.h */,
				2F7C89776C6A8CA1E5B7008E /* sqlite3.h */,
			);
			path = SQLite;
			sourceTree = "<group>";
		};
		2878AB2A35BE7DF4A9A1D6BB /* Products */ = {
			isa = PBXGroup;
			children = (
				A4CE53C7B7F24C2DC2A61754 /* Shengvo.app */,
			);
			name = Products;
			sourceTree = "<group>";
		};
		387738A89B92489E70B46276 /* Core */ = {
			isa = PBXGroup;
			children = (
				5C1421A8E713EEFEAB1244A4 /* AppleSpeechRecognizer.swift */,
				49C09AD172326907D6F488AA /* AppLogger.swift */,
				38ED9F322B212CEC84E23288 /* ASRService.swift */,
				4079616F647BF7EEEAE0468B /* AudioRecorder.swift */,
				309C05C30CE1FB44E5AC1C48 /* BigModelWS.swift */,
				5C1ACA10FA7E44B35A54EE8A /* ClipboardManager.swift */,
				085B8F33C0BBB16A824F8F4F /* ConversationContext.swift */,
				36F8692473F29078D570176B /* ExportService.swift */,
				C045102C0C51290424DCC6B9 /* HistoryManager.swift */,
				DAA95331D4855476475CE19B /* HotKeyManager.swift */,
				DE56DE609E710ED29E43D230 /* LLMService.swift */,
				36A6D17219C05740DF5B20B7 /* ModelManager.swift */,
				8E1E0044BF0C757A0D5403B8 /* PromptManager.swift */,
				45DE1D89AAFE3ED82F233BE6 /* SoundManager.swift */,
				1B1252D42F2CF2748E3BA338 /* SQLite */,
			);
			path = Core;
			sourceTree = "<group>";
		};
		82C75B4AFF214B78B9B490A2 /* Frameworks */ = {
			isa = PBXGroup;
			children = (
				EA70B0C25BDB500D7C4BB02D /* whisper.xcframework */,
			);
			name = Frameworks;
			sourceTree = "<group>";
		};
		8EE7980A1EF31D16911D3995 /* Resources */ = {
			isa = PBXGroup;
			children = (
				F9DC3A2A894572DFCF1B1480 /* Assets.xcassets */,
				90B20827CEC4C6F11E68DAD3 /* ggml-base-q8_0.bin */,
			);
			path = Resources;
			sourceTree = "<group>";
		};
		AAEE972D41C9F5FEB18B1E9B = {
			isa = PBXGroup;
			children = (
				B4AAA1EA1627F34FD74C7B03 /* Shengvo */,
				82C75B4AFF214B78B9B490A2 /* Frameworks */,
				2878AB2A35BE7DF4A9A1D6BB /* Products */,
			);
			sourceTree = "<group>";
		};
		AF5287257D3A95AD5555360F /* App */ = {
			isa = PBXGroup;
			children = (
				59DF67251B3CCCF11D4DECCB /* Info.plist */,
				D44D2EABDEA9FE748CC496BC /* ShengvoApp.swift */,
			);
			path = App;
			sourceTree = "<group>";
		};
		B4AAA1EA1627F34FD74C7B03 /* Shengvo */ = {
			isa = PBXGroup;
			children = (
				D48D93BA374C2D67F26D836F /* Shengvo.entitlements */,
				AF5287257D3A95AD5555360F /* App */,
				387738A89B92489E70B46276 /* Core */,
				E957D50370CA444B7D18D0D4 /* Models */,
				8EE7980A1EF31D16911D3995 /* Resources */,
				1249792F58964A336264613A /* Views */,
			);
			path = Shengvo;
			sourceTree = "<group>";
		};
		E957D50370CA444B7D18D0D4 /* Models */ = {
			isa = PBXGroup;
			children = (
				E002D2129995925D90E0DF58 /* AppConfig.swift */,
				05FCC1D890BF8F7ECE625B34 /* ASRResponse.swift */,
				56AECEE82CAA9AFEE2114795 /* HistoryEntry.swift */,
			);
			path = Models;
			sourceTree = "<group>";
		};
/* End PBXGroup section */

/* Begin PBXNativeTarget section */
		B3A64B0BC85A6AD456C9F946 /* Shengvo */ = {
			isa = PBXNativeTarget;
			buildConfigurationList = 2FB4CB5F0C4A34EE18465730 /* Build configuration list for PBXNativeTarget "Shengvo" */;
			buildPhases = (
				CAA6F0E153DA6707388BDEA6 /* Sources */,
				9645407F20172B5C32962B2D /* Resources */,
				FDC0190B398FCD8AA21D2AB1 /* Frameworks */,
				9CA4941CD754452FA420B5CF /* Embed Frameworks */,
			);
			buildRules = (
			);
			dependencies = (
			);
			name = Shengvo;
			packageProductDependencies = (
			);
			productName = Shengvo;
			productReference = A4CE53C7B7F24C2DC2A61754 /* Shengvo.app */;
			productType = "com.apple.product-type.application";
		};
/* End PBXNativeTarget section */

/* Begin PBXProject section */
		DA3F85B90535A61878732CA7 /* Project object */ = {
			isa = PBXProject;
			attributes = {
				BuildIndependentTargetsInParallel = YES;
				LastUpgradeCheck = 1500;
			};
			buildConfigurationList = DED21C027A6D1B546058470D /* Build configuration list for PBXProject "Shengvo" */;
			compatibilityVersion = "Xcode 14.0";
			developmentRegion = en;
			hasScannedForEncodings = 0;
			knownRegions = (
				Base,
				en,
			);
			mainGroup = AAEE972D41C9F5FEB18B1E9B;
			minimizedProjectReferenceProxies = 1;
			projectDirPath = "";
			projectRoot = "";
			targets = (
				B3A64B0BC85A6AD456C9F946 /* Shengvo */,
			);
		};
/* End PBXProject section */

/* Begin PBXResourcesBuildPhase section */
		9645407F20172B5C32962B2D /* Resources */ = {
			isa = PBXResourcesBuildPhase;
			buildActionMask = 2147483647;
			files = (
				BAEF24995783F1013064A7EE /* Assets.xcassets in Resources */,
				C060EF4CA10F3526088561EC /* ggml-base-q8_0.bin in Resources */,
			);
			runOnlyForDeploymentPostprocessing = 0;
		};
/* End PBXResourcesBuildPhase section */

/* Begin PBXSourcesBuildPhase section */
		CAA6F0E153DA6707388BDEA6 /* Sources */ = {
			isa = PBXSourcesBuildPhase;
			buildActionMask = 2147483647;
			files = (
				7FDF149A348CC3D644FC21C7 /* ASRResponse.swift in Sources */,
				E3EE38D61A8DA7E13AD3D61A /* ASRService.swift in Sources */,
				816EE5A21AE43A7D4AD4EC5B /* AppConfig.swift in Sources */,
				83E37FE663C75B6758664D4C /* AppLogger.swift in Sources */,
				3754A15154F517E27247204C /* AppleSpeechRecognizer.swift in Sources */,
				96C014DC1AFE97A29F226155 /* AudioRecorder.swift in Sources */,
				49B26574227DC36EDFFD6484 /* BigModelWS.swift in Sources */,
				48A3225D3075C577C6E8AEF3 /* ClipboardManager.swift in Sources */,
				63AE60A723CE3BF9AF76F763 /* ConversationContext.swift in Sources */,
				6E261E6B8D52ABEF09D2BF4B /* CustomWordsView.swift in Sources */,
				7918890EB0A247A00670BD09 /* DatabaseQueue.swift in Sources */,
				E7A8912FBDFBEC16BEECC1ED /* ExportService.swift in Sources */,
				1719EBF76C3B3FA58B9BA1E8 /* HistoryEntry.swift in Sources */,
				37A860E5BA42D2D44983A269 /* HistoryManager.swift in Sources */,
				736CEC1F092120CC49D38B3C /* HistoryView.swift in Sources */,
				32E257E251D4D8CA14486F2D /* HotKeyManager.swift in Sources */,
				70CD8A8F91ED2A21966B2103 /* HotKeyRecorderView.swift in Sources */,
				28FB3B0B10EE067D2DCB7620 /* LLMService.swift in Sources */,
				1491DC6D00453B98F87DCF29 /* ModelManager.swift in Sources */,
				C30CF0631ACA633C0581A705 /* PromptManager.swift in Sources */,
				77B7EA197D5C54CB0A2208A5 /* RecordingOverlay.swift in Sources */,
				2829D176A16A4ED4AC04D0E7 /* SettingComponents.swift in Sources */,
				0963FD4D4303D6F9FEE5B842 /* SettingsView.swift in Sources */,
				D8C5918C08CE65DF7A483B2D /* SetupView.swift in Sources */,
				F10F353256A23FECA4EA95E3 /* ShengvoApp.swift in Sources */,
				1250B42BDB0A900C381CF7F5 /* SoundManager.swift in Sources */,
			);
			runOnlyForDeploymentPostprocessing = 0;
		};
/* End PBXSourcesBuildPhase section */

/* Begin XCBuildConfiguration section */
		2D880F6AB588872C09E4176E /* Release */ = {
			isa = XCBuildConfiguration;
			buildSettings = {
				ASSETCATALOG_COMPILER_APPICON_NAME = AppIcon;
				CODE_SIGN_ENTITLEMENTS = Shengvo/Shengvo.entitlements;
				CODE_SIGN_IDENTITY = "-";
				CODE_SIGN_STYLE = Manual;
				COMBINE_HIDPI_IMAGES = YES;
				ENABLE_HARDENED_RUNTIME = NO;
				FRAMEWORK_SEARCH_PATHS = (
					"$(inherited)",
					"\"Shengvo\"",
				);
				INFOPLIST_FILE = Shengvo/App/Info.plist;
				LD_RUNPATH_SEARCH_PATHS = (
					"$(inherited)",
					"@executable_path/../Frameworks",
				);
				OTHER_LINKER_FLAGS = "-lsqlite3 -lz -framework Speech";
				PRODUCT_BUNDLE_IDENTIFIER = com.shengvo.app;
				SDKROOT = macosx;
				SWIFT_OBJC_BRIDGING_HEADER = "$(SRCROOT)/Shengvo/Core/SQLite/sqlite_bridge.h";
			};
			name = Release;
		};
		8BAE8EF76C33D6A65DA53FBB /* Debug */ = {
			isa = XCBuildConfiguration;
			buildSettings = {
				ALWAYS_SEARCH_USER_PATHS = NO;
				CLANG_ANALYZER_NONNULL = YES;
				CLANG_ANALYZER_NUMBER_OBJECT_CONVERSION = YES_AGGRESSIVE;
				CLANG_CXX_LANGUAGE_STANDARD = "gnu++14";
				CLANG_CXX_LIBRARY = "libc++";
				CLANG_ENABLE_MODULES = YES;
				CLANG_ENABLE_OBJC_ARC = YES;
				CLANG_ENABLE_OBJC_WEAK = YES;
				CLANG_WARN_BLOCK_CAPTURE_AUTORELEASING = YES;
				CLANG_WARN_BOOL_CONVERSION = YES;
				CLANG_WARN_COMMA = YES;
				CLANG_WARN_CONSTANT_CONVERSION = YES;
				CLANG_WARN_DEPRECATED_OBJC_IMPLEMENTATIONS = YES;
				CLANG_WARN_DIRECT_OBJC_ISA_USAGE = YES_ERROR;
				CLANG_WARN_DOCUMENTATION_COMMENTS = YES;
				CLANG_WARN_EMPTY_BODY = YES;
				CLANG_WARN_ENUM_CONVERSION = YES;
				CLANG_WARN_INFINITE_RECURSION = YES;
				CLANG_WARN_INT_CONVERSION = YES;
				CLANG_WARN_NON_LITERAL_NULL_CONVERSION = YES;
				CLANG_WARN_OBJC_IMPLICIT_RETAIN_SELF = YES;
				CLANG_WARN_OBJC_LITERAL_CONVERSION = YES;
				CLANG_WARN_OBJC_ROOT_CLASS = YES_ERROR;
				CLANG_WARN_QUOTED_INCLUDE_IN_FRAMEWORK_HEADER = YES;
				CLANG_WARN_RANGE_LOOP_ANALYSIS = YES;
				CLANG_WARN_STRICT_PROTOTYPES = YES;
				CLANG_WARN_SUSPICIOUS_MOVE = YES;
				CLANG_WARN_UNGUARDED_AVAILABILITY = YES_AGGRESSIVE;
				CLANG_WARN_UNREACHABLE_CODE = YES;
				CLANG_WARN__DUPLICATE_METHOD_MATCH = YES;
				COPY_PHASE_STRIP = NO;
				CURRENT_PROJECT_VERSION = 1;
				DEBUG_INFORMATION_FORMAT = dwarf;
				ENABLE_STRICT_OBJC_MSGSEND = YES;
				ENABLE_TESTABILITY = YES;
				GCC_C_LANGUAGE_STANDARD = gnu11;
				GCC_DYNAMIC_NO_PIC = NO;
				GCC_NO_COMMON_BLOCKS = YES;
				GCC_OPTIMIZATION_LEVEL = 0;
				GCC_PREPROCESSOR_DEFINITIONS = (
					"$(inherited)",
					"DEBUG=1",
				);
				GCC_WARN_64_TO_32_BIT_CONVERSION = YES;
				GCC_WARN_ABOUT_RETURN_TYPE = YES_ERROR;
				GCC_WARN_UNDECLARED_SELECTOR = YES;
				GCC_WARN_UNINITIALIZED_AUTOS = YES_AGGRESSIVE;
				GCC_WARN_UNUSED_FUNCTION = YES;
				GCC_WARN_UNUSED_VARIABLE = YES;
				MACOSX_DEPLOYMENT_TARGET = 13.0;
				MARKETING_VERSION = 1.0;
				MTL_ENABLE_DEBUG_INFO = INCLUDE_SOURCE;
				MTL_FAST_MATH = YES;
				ONLY_ACTIVE_ARCH = YES;
				PRODUCT_NAME = Shengvo;
				SDKROOT = macosx;
				SWIFT_ACTIVE_COMPILATION_CONDITIONS = DEBUG;
				SWIFT_OPTIMIZATION_LEVEL = "-Onone";
				SWIFT_VERSION = 5.9;
			};
			name = Debug;
		};
		94537803FE4B564E7FC3B67D /* Release */ = {
			isa = XCBuildConfiguration;
			buildSettings = {
				ALWAYS_SEARCH_USER_PATHS = NO;
				CLANG_ANALYZER_NONNULL = YES;
				CLANG_ANALYZER_NUMBER_OBJECT_CONVERSION = YES_AGGRESSIVE;
				CLANG_CXX_LANGUAGE_STANDARD = "gnu++14";
				CLANG_CXX_LIBRARY = "libc++";
				CLANG_ENABLE_MODULES = YES;
				CLANG_ENABLE_OBJC_ARC = YES;
				CLANG_ENABLE_OBJC_WEAK = YES;
				CLANG_WARN_BLOCK_CAPTURE_AUTORELEASING = YES;
				CLANG_WARN_BOOL_CONVERSION = YES;
				CLANG_WARN_COMMA = YES;
				CLANG_WARN_CONSTANT_CONVERSION = YES;
				CLANG_WARN_DEPRECATED_OBJC_IMPLEMENTATIONS = YES;
				CLANG_WARN_DIRECT_OBJC_ISA_USAGE = YES_ERROR;
				CLANG_WARN_DOCUMENTATION_COMMENTS = YES;
				CLANG_WARN_EMPTY_BODY = YES;
				CLANG_WARN_ENUM_CONVERSION = YES;
				CLANG_WARN_INFINITE_RECURSION = YES;
				CLANG_WARN_INT_CONVERSION = YES;
				CLANG_WARN_NON_LITERAL_NULL_CONVERSION = YES;
				CLANG_WARN_OBJC_IMPLICIT_RETAIN_SELF = YES;
				CLANG_WARN_OBJC_LITERAL_CONVERSION = YES;
				CLANG_WARN_OBJC_ROOT_CLASS = YES_ERROR;
				CLANG_WARN_QUOTED_INCLUDE_IN_FRAMEWORK_HEADER = YES;
				CLANG_WARN_RANGE_LOOP_ANALYSIS = YES;
				CLANG_WARN_STRICT_PROTOTYPES = YES;
				CLANG_WARN_SUSPICIOUS_MOVE = YES;
				CLANG_WARN_UNGUARDED_AVAILABILITY = YES_AGGRESSIVE;
				CLANG_WARN_UNREACHABLE_CODE = YES;
				CLANG_WARN__DUPLICATE_METHOD_MATCH = YES;
				COPY_PHASE_STRIP = NO;
				CURRENT_PROJECT_VERSION = 1;
				DEBUG_INFORMATION_FORMAT = "dwarf-with-dsym";
				ENABLE_NS_ASSERTIONS = NO;
				ENABLE_STRICT_OBJC_MSGSEND = YES;
				GCC_C_LANGUAGE_STANDARD = gnu11;
				GCC_NO_COMMON_BLOCKS = YES;
				GCC_WARN_64_TO_32_BIT_CONVERSION = YES;
				GCC_WARN_ABOUT_RETURN_TYPE = YES_ERROR;
				GCC_WARN_UNDECLARED_SELECTOR = YES;
				GCC_WARN_UNINITIALIZED_AUTOS = YES_AGGRESSIVE;
				GCC_WARN_UNUSED_FUNCTION = YES;
				GCC_WARN_UNUSED_VARIABLE = YES;
				MACOSX_DEPLOYMENT_TARGET = 13.0;
				MARKETING_VERSION = 1.0;
				MTL_ENABLE_DEBUG_INFO = NO;
				MTL_FAST_MATH = YES;
				PRODUCT_NAME = Shengvo;
				SDKROOT = macosx;
				SWIFT_COMPILATION_MODE = wholemodule;
				SWIFT_OPTIMIZATION_LEVEL = "-O";
				SWIFT_VERSION = 5.9;
			};
			name = Release;
		};
		B1F46DF604724604E71DBE1C /* Debug */ = {
			isa = XCBuildConfiguration;
			buildSettings = {
				ASSETCATALOG_COMPILER_APPICON_NAME = AppIcon;
				CODE_SIGN_ENTITLEMENTS = Shengvo/Shengvo.entitlements;
				CODE_SIGN_IDENTITY = "Apple Development";
				CODE_SIGN_STYLE = Automatic;
				COMBINE_HIDPI_IMAGES = YES;
				DEVELOPMENT_TEAM = CW5GP6RGQJ;
				ENABLE_HARDENED_RUNTIME = NO;
				FRAMEWORK_SEARCH_PATHS = (
					"$(inherited)",
					"\"Shengvo\"",
				);
				INFOPLIST_FILE = Shengvo/App/Info.plist;
				LD_RUNPATH_SEARCH_PATHS = (
					"$(inherited)",
					"@executable_path/../Frameworks",
				);
				OTHER_LINKER_FLAGS = "-lsqlite3 -lz -framework Speech";
				PRODUCT_BUNDLE_IDENTIFIER = com.shengvo.app;
				SDKROOT = macosx;
				SWIFT_OBJC_BRIDGING_HEADER = "$(SRCROOT)/Shengvo/Core/SQLite/sqlite_bridge.h";
			};
			name = Debug;
		};
/* End XCBuildConfiguration section */

/* Begin XCConfigurationList section */
		2FB4CB5F0C4A34EE18465730 /* Build configuration list for PBXNativeTarget "Shengvo" */ = {
			isa = XCConfigurationList;
			buildConfigurations = (
				B1F46DF604724604E71DBE1C /* Debug */,
				2D880F6AB588872C09E4176E /* Release */,
			);
			defaultConfigurationIsVisible = 0;
			defaultConfigurationName = Debug;
		};
		DED21C027A6D1B546058470D /* Build configuration list for PBXProject "Shengvo" */ = {
			isa = XCConfigurationList;
			buildConfigurations = (
				8BAE8EF76C33D6A65DA53FBB /* Debug */,
				94537803FE4B564E7FC3B67D /* Release */,
			);
			defaultConfigurationIsVisible = 0;
			defaultConfigurationName = Debug;
		};
/* End XCConfigurationList section */
	};
	rootObject = DA3F85B90535A61878732CA7 /* Project object */;
}
